// !$*UTF8*$!
{
	archiveVersion = 1;
	classes = {
	};
	objectVersion = 56;
	objects = {

/* Begin PBXBuildFile section */
		0725FACB2AE28D69008FC0C2 /* Model.swift in Sources */ = {isa = PBXBuildFile; fileRef = 0725FACA2AE28D69008FC0C2 /* Model.swift */; };
		0725FACD2AE28F01008FC0C2 /* PeopleViewModel.swift in Sources */ = {isa = PBXBuildFile; fileRef = 0725FACC2AE28F01008FC0C2 /* PeopleViewModel.swift */; };
		0787DBBF2ADDEB4E00BA5856 /* AppDelegate.swift in Sources */ = {isa = PBXBuildFile; fileRef = 0787DBBE2ADDEB4E00BA5856 /* AppDelegate.swift */; };
		0787DBC12ADDEB4E00BA5856 /* SceneDelegate.swift in Sources */ = {isa = PBXBuildFile; fileRef = 0787DBC02ADDEB4E00BA5856 /* SceneDelegate.swift */; };
		0787DBC32ADDEB4E00BA5856 /* PeopleViewController.swift in Sources */ = {isa = PBXBuildFile; fileRef = 0787DBC22ADDEB4E00BA5856 /* PeopleViewController.swift */; };
		0787DBC82ADDEB4F00BA5856 /* Assets.xcassets in Resources */ = {isa = PBXBuildFile; fileRef = 0787DBC72ADDEB4F00BA5856 /* Assets.xcassets */; };
		0787DBCB2ADDEB4F00BA5856 /* LaunchScreen.storyboard in Resources */ = {isa = PBXBuildFile; fileRef = 0787DBC92ADDEB4F00BA5856 /* LaunchScreen.storyboard */; };
		07FB3E162AE1655300F65D17 /* PersonView.swift in Sources */ = {isa = PBXBuildFile; fileRef = 07FB3E152AE1655300F65D17 /* PersonView.swift */; };
/* End PBXBuildFile section */

/* Begin PBXFileReference section */
		0725FACA2AE28D69008FC0C2 /* Model.swift */ = {isa = PBXFileReference; lastKnownFileType = sourcecode.swift; path = Model.swift; sourceTree = "<group>"; };
		0725FACC2AE28F01008FC0C2 /* PeopleViewModel.swift */ = {isa = PBXFileReference; lastKnownFileType = sourcecode.swift; path = PeopleViewModel.swift; sourceTree = "<group>"; };
		0787DBBB2ADDEB4E00BA5856 /* UiKitCrashCourse.app */ = {isa = PBXFileReference; explicitFileType = wrapper.application; includeInIndex = 0; path = UiKitCrashCourse.app; sourceTree = BUILT_PRODUCTS_DIR; };
		0787DBBE2ADDEB4E00BA5856 /* AppDelegate.swift */ = {isa = PBXFileReference; lastKnownFileType = sourcecode.swift; path = AppDelegate.swift; sourceTree = "<group>"; };
		0787DBC02ADDEB4E00BA5856 /* SceneDelegate.swift */ = {isa = PBXFileReference; lastKnownFileType = sourcecode.swift; path = SceneDelegate.swift; sourceTree = "<group>"; };
		0787DBC22ADDEB4E00BA5856 /* PeopleViewController.swift */ = {isa = PBXFileReference; lastKnownFileType = sourcecode.swift; path = PeopleViewController.swift; sourceTree = "<group>"; };
		0787DBC72ADDEB4F00BA5856 /* Assets.xcassets */ = {isa = PBXFileReference; lastKnownFileType = folder.assetcatalog; path = Assets.xcassets; sourceTree = "<group>"; };
		0787DBCA2ADDEB4F00BA5856 /* Base */ = {isa = PBXFileReference; lastKnownFileType = file.storyboard; name = Base; path = Base.lproj/LaunchScreen.storyboard; sourceTree = "<group>"; };
		0787DBCC2ADDEB4F00BA5856 /* Info.plist */ = {isa = PBXFileReference; lastKnownFileType = text.plist.xml; path = Info.plist; sourceTree = "<group>"; };
		07FB3E152AE1655300F65D17 /* PersonView.swift */ = {isa = PBXFileReference; lastKnownFileType = sourcecode.swift; path = PersonView.swift; sourceTree = "<group>"; };
/* End PBXFileReference section */

/* Begin PBXFrameworksBuildPhase section */
		0787DBB82ADDEB4E00BA5856 /* Frameworks */ = {
			isa = PBXFrameworksBuildPhase;
			buildActionMask = 2147483647;
			files = (
			);
			runOnlyForDeploymentPostprocessing = 0;
		};
/* End PBXFrameworksBuildPhase section */

/* Begin PBXGroup section */
		0787DBB22ADDEB4E00BA5856 = {
			isa = PBXGroup;
			children = (
				0787DBBD2ADDEB4E00BA5856 /* UiKitCrashCourse */,
				0787DBBC2ADDEB4E00BA5856 /* Products */,
			);
			sourceTree = "<group>";
		};
		0787DBBC2ADDEB4E00BA5856 /* Products */ = {
			isa = PBXGroup;
			children = (
				0787DBBB2ADDEB4E00BA5856 /* UiKitCrashCourse.app */,
			);
			name = Products;
			sourceTree = "<group>";
		};
		0787DBBD2ADDEB4E00BA5856 /* UiKitCrashCourse */ = {
			isa = PBXGroup;
			children = (
				0725FACA2AE28D69008FC0C2 /* Model.swift */,
				0725FACC2AE28F01008FC0C2 /* PeopleViewModel.swift */,
				0787DBBE2ADDEB4E00BA5856 /* AppDelegate.swift */,
				0787DBC02ADDEB4E00BA5856 /* SceneDelegate.swift */,
				0787DBC22ADDEB4E00BA5856 /* PeopleViewController.swift */,
				07FB3E152AE1655300F65D17 /* PersonView.swift */,
				0787DBC72ADDEB4F00BA5856 /* Assets.xcassets */,
				0787DBC92ADDEB4F00BA5856 /* LaunchScreen.storyboard */,
				0787DBCC2ADDEB4F00BA5856 /* Info.plist */,
			);
			path = UiKitCrashCourse;
			sourceTree = "<group>";
		};
/* End PBXGroup section */

/* Begin PBXNativeTarget section */
		0787DBBA2ADDEB4E00BA5856 /* UiKitCrashCourse */ = {
			isa = PBXNativeTarget;
			buildConfigurationList = 0787DBCF2ADDEB4F00BA5856 /* Build configuration list for PBXNativeTarget "UiKitCrashCourse" */;
			buildPhases = (
				0787DBB72ADDEB4E00BA5856 /* Sources */,
				0787DBB82ADDEB4E00BA5856 /* Frameworks */,
				0787DBB92ADDEB4E00BA5856 /* Resources */,
			);
			buildRules = (
			);
			dependencies = (
			);
			name = UiKitCrashCourse;
			productName = UiKitCrashCourse;
			productReference = 0787DBBB2ADDEB4E00BA5856 /* UiKitCrashCourse.app */;
			productType = "com.apple.product-type.application";
		};
/* End PBXNativeTarget section */

/* Begin PBXProject section */
		0787DBB32ADDEB4E00BA5856 /* Project object */ = {
			isa = PBXProject;
			attributes = {
				BuildIndependentTargetsInParallel = 1;
				LastSwiftUpdateCheck = 1500;
				LastUpgradeCheck = 1500;
				TargetAttributes = {
					0787DBBA2ADDEB4E00BA5856 = {
						CreatedOnToolsVersion = 15.0;
					};
				};
			};
			buildConfigurationList = 0787DBB62ADDEB4E00BA5856 /* Build configuration list for PBXProject "UiKitCrashCourse" */;
			compatibilityVersion = "Xcode 14.0";
			developmentRegion = en;
			hasScannedForEncodings = 0;
			knownRegions = (
				en,
				Base,
			);
			mainGroup = 0787DBB22ADDEB4E00BA5856;
			productRefGroup = 0787DBBC2ADDEB4E00BA5856 /* Products */;
			projectDirPath = "";
			projectRoot = "";
			targets = (
				0787DBBA2ADDEB4E00BA5856 /* UiKitCrashCourse */,
			);
		};
/* End PBXProject section */

/* Begin PBXResourcesBuildPhase section */
		0787DBB92ADDEB4E00BA5856 /* Resources */ = {
			isa = PBXResourcesBuildPhase;
			buildActionMask = 2147483647;
			files = (
				0787DBCB2ADDEB4F00BA5856 /* LaunchScreen.storyboard in Resources */,
				0787DBC82ADDEB4F00BA5856 /* Assets.xcassets in Resources */,
			);
			runOnlyForDeploymentPostprocessing = 0;
		};
/* End PBXResourcesBuildPhase section */

/* Begin PBXSourcesBuildPhase section */
		0787DBB72ADDEB4E00BA5856 /* Sources */ = {
			isa = PBXSourcesBuildPhase;
			buildActionMask = 2147483647;
			files = (
				0725FACB2AE28D69008FC0C2 /* Model.swift in Sources */,
				0725FACD2AE28F01008FC0C2 /* PeopleViewModel.swift in Sources */,
				0787DBC32ADDEB4E00BA5856 /* PeopleViewController.swift in Sources */,
				07FB3E162AE1655300F65D17 /* PersonView.swift in Sources */,
				0787DBBF2ADDEB4E00BA5856 /* AppDelegate.swift in Sources */,
				0787DBC12ADDEB4E00BA5856 /* SceneDelegate.swift in Sources */,
			);
			runOnlyForDeploymentPostprocessing = 0;
		};
/* End PBXSourcesBuildPhase section */

/* Begin PBXVariantGroup section */
		0787DBC92ADDEB4F00BA5856 /* LaunchScreen.storyboard */ = {
			isa = PBXVariantGroup;
			children = (
				0787DBCA2ADDEB4F00BA5856 /* Base */,
			);
			name = LaunchScreen.storyboard;
			sourceTree = "<group>";
		};
/* End PBXVariantGroup section */

/* Begin XCBuildConfiguration section */
		0787DBCD2ADDEB4F00BA5856 /* Debug */ = {
			isa = XCBuildConfiguration;
			buildSettings = {
				ALWAYS_SEARCH_USER_PATHS = NO;
				ASSETCATALOG_COMPILER_GENERATE_SWIFT_ASSET_SYMBOL_EXTENSIONS = YES;
				CLANG_ANALYZER_NONNULL = YES;
				CLANG_ANALYZER_NUMBER_OBJECT_CONVERSION = YES_AGGRESSIVE;
				CLANG_CXX_LANGUAGE_STANDARD = "gnu++20";
				CLANG_ENABLE_MODULES = YES;
				CLANG_ENABLE_OBJC_ARC = YES;
				CLANG_ENABLE_OBJC_WEAK = YES;
				CLANG_WARN_BLOCK_CAPTURE_AUTORELEASING = YES;
				CLANG_WARN_BOOL_CONVERSION = YES;
				CLANG_WARN_COMMA = YES;
				CLANG_WARN_CONSTANT_CONVERSION = YES;
				CLANG_WARN_DEPRECATED_OBJC_IMPLEMENTATIONS = YES;
				CLANG_WARN_DIRECT_OBJC_ISA_USAGE = YES_ERROR;
				CLANG_WARN_DOCUMENTATION_COMMENTS = YES;
				CLANG_WARN_EMPTY_BODY = YES;
				CLANG_WARN_ENUM_CONVERSION = YES;
				CLANG_WARN_INFINITE_RECURSION = YES;
				CLANG_WARN_INT_CONVERSION = YES;
				CLANG_WARN_NON_LITERAL_NULL_CONVERSION = YES;
				CLANG_WARN_OBJC_IMPLICIT_RETAIN_SELF = YES;
				CLANG_WARN_OBJC_LITERAL_CONVERSION = YES;
				CLANG_WARN_OBJC_ROOT_CLASS = YES_ERROR;
				CLANG_WARN_QUOTED_INCLUDE_IN_FRAMEWORK_HEADER = YES;
				CLANG_WARN_RANGE_LOOP_ANALYSIS = YES;
				CLANG_WARN_STRICT_PROTOTYPES = YES;
				CLANG_WARN_SUSPICIOUS_MOVE = YES;
				CLANG_WARN_UNGUARDED_AVAILABILITY = YES_AGGRESSIVE;
				CLANG_WARN_UNREACHABLE_CODE = YES;
				CLANG_WARN__DUPLICATE_METHOD_MATCH = YES;
				COPY_PHASE_STRIP = NO;
				DEBUG_INFORMATION_FORMAT = dwarf;
				ENABLE_STRICT_OBJC_MSGSEND = YES;
				ENABLE_TESTABILITY = YES;
				ENABLE_USER_SCRIPT_SANDBOXING = YES;
				GCC_C_LANGUAGE_STANDARD = gnu17;
				GCC_DYNAMIC_NO_PIC = NO;
				GCC_NO_COMMON_BLOCKS = YES;
				GCC_OPTIMIZATION_LEVEL = 0;
				GCC_PREPROCESSOR_DEFINITIONS = (
					"DEBUG=1",
					"$(inherited)",
				);
				GCC_WARN_64_TO_32_BIT_CONVERSION = YES;
				GCC_WARN_ABOUT_RETURN_TYPE = YES_ERROR;
				GCC_WARN_UNDECLARED_SELECTOR = YES;
				GCC_WARN_UNINITIALIZED_AUTOS = YES_AGGRESSIVE;
				GCC_WARN_UNUSED_FUNCTION = YES;
				GCC_WARN_UNUSED_VARIABLE = YES;
				IPHONEOS_DEPLOYMENT_TARGET = 17.0;
				LOCALIZATION_PREFERS_STRING_CATALOGS = YES;
				MTL_ENABLE_DEBUG_INFO = INCLUDE_SOURCE;
				MTL_FAST_MATH = YES;
				ONLY_ACTIVE_ARCH = YES;
				SDKROOT = iphoneos;
				SWIFT_ACTIVE_COMPILATION_CONDITIONS = "DEBUG $(inherited)";
				SWIFT_OPTIMIZATION_LEVEL = "-Onone";
			};
			name = Debug;
		};
		0787DBCE2ADDEB4F00BA5856 /* Release */ = {
			isa = XCBuildConfiguration;
			buildSettings = {
				ALWAYS_SEARCH_USER_PATHS = NO;
				ASSETCATALOG_COMPILER_GENERATE_SWIFT_ASSET_SYMBOL_EXTENSIONS = YES;
				CLANG_ANALYZER_NONNULL = YES;
				CLANG_ANALYZER_NUMBER_OBJECT_CONVERSION = YES_AGGRESSIVE;
				CLANG_CXX_LANGUAGE_STANDARD = "gnu++20";
				CLANG_ENABLE_MODULES = YES;
				CLANG_ENABLE_OBJC_ARC = YES;
				CLANG_ENABLE_OBJC_WEAK = YES;
				CLANG_WARN_BLOCK_CAPTURE_AUTORELEASING = YES;
				CLANG_WARN_BOOL_CONVERSION = YES;
				CLANG_WARN_COMMA = YES;
				CLANG_WARN_CONSTANT_CONVERSION = YES;
				CLANG_WARN_DEPRECATED_OBJC_IMPLEMENTATIONS = YES;
				CLANG_WARN_DIRECT_OBJC_ISA_USAGE = YES_ERROR;
				CLANG_WARN_DOCUMENTATION_COMMENTS = YES;
				CLANG_WARN_EMPTY_BODY = YES;
				CLANG_WARN_ENUM_CONVERSION = YES;
				CLANG_WARN_INFINITE_RECURSION = YES;
				CLANG_WARN_INT_CONVERSION = YES;
				CLANG_WARN_NON_LITERAL_NULL_CONVERSION = YES;
				CLANG_WARN_OBJC_IMPLICIT_RETAIN_SELF = YES;
				CLANG_WARN_OBJC_LITERAL_CONVERSION = YES;
				CLANG_WARN_OBJC_ROOT_CLASS = YES_ERROR;
				CLANG_WARN_QUOTED_INCLUDE_IN_FRAMEWORK_HEADER = YES;
				CLANG_WARN_RANGE_LOOP_ANALYSIS = YES;
				CLANG_WARN_STRICT_PROTOTYPES = YES;
				CLANG_WARN_SUSPICIOUS_MOVE = YES;
				CLANG_WARN_UNGUARDED_AVAILABILITY = YES_AGGRESSIVE;
				CLANG_WARN_UNREACHABLE_CODE = YES;
				CLANG_WARN__DUPLICATE_METHOD_MATCH = YES;
				COPY_PHASE_STRIP = NO;
				DEBUG_INFORMATION_FORMAT = "dwarf-with-dsym";
				ENABLE_NS_ASSERTIONS = NO;
				ENABLE_STRICT_OBJC_MSGSEND = YES;
				ENABLE_USER_SCRIPT_SANDBOXING = YES;
				GCC_C_LANGUAGE_STANDARD = gnu17;
				GCC_NO_COMMON_BLOCKS = YES;
				GCC_WARN_64_TO_32_BIT_CONVERSION = YES;
				GCC_WARN_ABOUT_RETURN_TYPE = YES_ERROR;
				GCC_WARN_UNDECLARED_SELECTOR = YES;
				GCC_WARN_UNINITIALIZED_AUTOS = YES_AGGRESSIVE;
				GCC_WARN_UNUSED_FUNCTION = YES;
				GCC_WARN_UNUSED_VARIABLE = YES;
				IPHONEOS_DEPLOYMENT_TARGET = 17.0;
				LOCALIZATION_PREFERS_STRING_CATALOGS = YES;
				MTL_ENABLE_DEBUG_INFO = NO;
				MTL_FAST_MATH = YES;
				SDKROOT = iphoneos;
				SWIFT_COMPILATION_MODE = wholemodule;
				VALIDATE_PRODUCT = YES;
			};
			name = Release;
		};
		0787DBD02ADDEB4F00BA5856 /* Debug */ = {
			isa = XCBuildConfiguration;
			buildSettings = {
				ASSETCATALOG_COMPILER_APPICON_NAME = AppIcon;
				ASSETCATALOG_COMPILER_GLOBAL_ACCENT_COLOR_NAME = AccentColor;
				CODE_SIGN_STYLE = Automatic;
				CURRENT_PROJECT_VERSION = 1;
				DEVELOPMENT_TEAM = HXG77LVF2P;
				GENERATE_INFOPLIST_FILE = YES;
				INFOPLIST_FILE = UiKitCrashCourse/Info.plist;
				INFOPLIST_KEY_UIApplicationSupportsIndirectInputEvents = YES;
				INFOPLIST_KEY_UILaunchStoryboardName = LaunchScreen;
				INFOPLIST_KEY_UISupportedInterfaceOrientations_iPad = "UIInterfaceOrientationPortrait UIInterfaceOrientationPortraitUpsideDown UIInterfaceOrientationLandscapeLeft UIInterfaceOrientationLandscapeRight";
				INFOPLIST_KEY_UISupportedInterfaceOrientations_iPhone = "UIInterfaceOrientationPortrait UIInterfaceOrientationLandscapeLeft UIInterfaceOrientationLandscapeRight";
				LD_RUNPATH_SEARCH_PATHS = (
					"$(inherited)",
					"@executable_path/Frameworks",
				);
				MARKETING_VERSION = 1.0;
				PRODUCT_BUNDLE_IDENTIFIER = co.impactzero.UiKitCrashCourse;
				PRODUCT_NAME = "$(TARGET_NAME)";
				SWIFT_EMIT_LOC_STRINGS = YES;
				SWIFT_VERSION = 5.0;
				TARGETED_DEVICE_FAMILY = "1,2";
			};
			name = Debug;
		};
		0787DBD12ADDEB4F00BA5856 /* Release */ = {
			isa = XCBuildConfiguration;
			buildSettings = {
				ASSETCATALOG_COMPILER_APPICON_NAME = AppIcon;
				ASSETCATALOG_COMPILER_GLOBAL_ACCENT_COLOR_NAME = AccentColor;
				CODE_SIGN_STYLE = Automatic;
				CURRENT_PROJECT_VERSION = 1;
				DEVELOPMENT_TEAM = HXG77LVF2P;
				GENERATE_INFOPLIST_FILE = YES;
				INFOPLIST_FILE = UiKitCrashCourse/Info.plist;
				INFOPLIST_KEY_UIApplicationSupportsIndirectInputEvents = YES;
				INFOPLIST_KEY_UILaunchStoryboardName = LaunchScreen;
				INFOPLIST_KEY_UISupportedInterfaceOrientations_iPad = "UIInterfaceOrientationPortrait UIInterfaceOrientationPortraitUpsideDown UIInterfaceOrientationLandscapeLeft UIInterfaceOrientationLandscapeRight";
				INFOPLIST_KEY_UISupportedInterfaceOrientations_iPhone = "UIInterfaceOrientationPortrait UIInterfaceOrientationLandscapeLeft UIInterfaceOrientationLandscapeRight";
				LD_RUNPATH_SEARCH_PATHS = (
					"$(inherited)",
					"@executable_path/Frameworks",
				);
				MARKETING_VERSION = 1.0;
				PRODUCT_BUNDLE_IDENTIFIER = co.impactzero.UiKitCrashCourse;
				PRODUCT_NAME = "$(TARGET_NAME)";
				SWIFT_EMIT_LOC_STRINGS = YES;
				SWIFT_VERSION = 5.0;
				TARGETED_DEVICE_FAMILY = "1,2";
			};
			name = Release;
		};
/* End XCBuildConfiguration section */

/* Begin XCConfigurationList section */
		0787DBB62ADDEB4E00BA5856 /* Build configuration list for PBXProject "UiKitCrashCourse" */ = {
			isa = XCConfigurationList;
			buildConfigurations = (
				0787DBCD2ADDEB4F00BA5856 /* Debug */,
				0787DBCE2ADDEB4F00BA5856 /* Release */,
			);
			defaultConfigurationIsVisible = 0;
			defaultConfigurationName = Release;
		};
		0787DBCF2ADDEB4F00BA5856 /* Build configuration list for PBXNativeTarget "UiKitCrashCourse" */ = {
			isa = XCConfigurationList;
			buildConfigurations = (
				0787DBD02ADDEB4F00BA5856 /* Debug */,
				0787DBD12ADDEB4F00BA5856 /* Release */,
			);
			defaultConfigurationIsVisible = 0;
			defaultConfigurationName = Release;
		};
/* End XCConfigurationList section */
	};
	rootObject = 0787DBB32ADDEB4E00BA5856 /* Project object */;
}
